// !$*UTF8*$!
{
	archiveVersion = 1;
	classes = {
	};
	objectVersion = 55;
	objects = {

/* Begin PBXBuildFile section */
		AB1C0326290ACB1F00A4E450 /* AppDelegate.swift in Sources */ = {isa = PBXBuildFile; fileRef = AB1C0325290ACB1F00A4E450 /* AppDelegate.swift */; };
		AB1C0328290ACB1F00A4E450 /* SceneDelegate.swift in Sources */ = {isa = PBXBuildFile; fileRef = AB1C0327290ACB1F00A4E450 /* SceneDelegate.swift */; };
		AB1C032A290ACB1F00A4E450 /* ViewController.swift in Sources */ = {isa = PBXBuildFile; fileRef = AB1C0329290ACB1F00A4E450 /* ViewController.swift */; };
		AB1C032D290ACB1F00A4E450 /* Main.storyboard in Resources */ = {isa = PBXBuildFile; fileRef = AB1C032B290ACB1F00A4E450 /* Main.storyboard */; };
		AB1C032F290ACB2300A4E450 /* Assets.xcassets in Resources */ = {isa = PBXBuildFile; fileRef = AB1C032E290ACB2300A4E450 /* Assets.xcassets */; };
		AB1C0332290ACB2300A4E450 /* LaunchScreen.storyboard in Resources */ = {isa = PBXBuildFile; fileRef = AB1C0330290ACB2300A4E450 /* LaunchScreen.storyboard */; };
		AB1C0341290AD77F00A4E450 /* VC+AlertController.swift in Sources */ = {isa = PBXBuildFile; fileRef = AB1C0340290AD77F00A4E450 /* VC+AlertController.swift */; };
		AB4F7C00290FD49000E658EC /* NetworkWeatherManager.swift in Sources */ = {isa = PBXBuildFile; fileRef = AB4F7BFF290FD49000E658EC /* NetworkWeatherManager.swift */; };
		AB4F7C0229101E9600E658EC /* Constants.swift in Sources */ = {isa = PBXBuildFile; fileRef = AB4F7C0129101E9600E658EC /* Constants.swift */; };
/* End PBXBuildFile section */

/* Begin PBXFileReference section */
		AB1C0322290ACB1F00A4E450 /* Sunny.app */ = {isa = PBXFileReference; explicitFileType = wrapper.application; includeInIndex = 0; path = Sunny.app; sourceTree = BUILT_PRODUCTS_DIR; };
		AB1C0325290ACB1F00A4E450 /* AppDelegate.swift */ = {isa = PBXFileReference; lastKnownFileType = sourcecode.swift; path = AppDelegate.swift; sourceTree = "<group>"; };
		AB1C0327290ACB1F00A4E450 /* SceneDelegate.swift */ = {isa = PBXFileReference; lastKnownFileType = sourcecode.swift; path = SceneDelegate.swift; sourceTree = "<group>"; };
		AB1C0329290ACB1F00A4E450 /* ViewController.swift */ = {isa = PBXFileReference; lastKnownFileType = sourcecode.swift; path = ViewController.swift; sourceTree = "<group>"; };
		AB1C032C290ACB1F00A4E450 /* Base */ = {isa = PBXFileReference; lastKnownFileType = file.storyboard; name = Base; path = Base.lproj/Main.storyboard; sourceTree = "<group>"; };
		AB1C032E290ACB2300A4E450 /* Assets.xcassets */ = {isa = PBXFileReference; lastKnownFileType = folder.assetcatalog; path = Assets.xcassets; sourceTree = "<group>"; };
		AB1C0331290ACB2300A4E450 /* Base */ = {isa = PBXFileReference; lastKnownFileType = file.storyboard; name = Base; path = Base.lproj/LaunchScreen.storyboard; sourceTree = "<group>"; };
		AB1C0333290ACB2300A4E450 /* Info.plist */ = {isa = PBXFileReference; lastKnownFileType = text.plist.xml; name = Info.plist; path = "Sunny/Supporting files/Info.plist"; sourceTree = SOURCE_ROOT; };
		AB1C0340290AD77F00A4E450 /* VC+AlertController.swift */ = {isa = PBXFileReference; lastKnownFileType = sourcecode.swift; path = "VC+AlertController.swift"; sourceTree = "<group>"; };
		AB4F7BFF290FD49000E658EC /* NetworkWeatherManager.swift */ = {isa = PBXFileReference; lastKnownFileType = sourcecode.swift; path = NetworkWeatherManager.swift; sourceTree = "<group>"; };
		AB4F7C0129101E9600E658EC /* Constants.swift */ = {isa = PBXFileReference; lastKnownFileType = sourcecode.swift; path = Constants.swift; sourceTree = "<group>"; };
/* End PBXFileReference section */

/* Begin PBXFrameworksBuildPhase section */
		AB1C031F290ACB1F00A4E450 /* Frameworks */ = {
			isa = PBXFrameworksBuildPhase;
			buildActionMask = 2147483647;
			files = (
			);
			runOnlyForDeploymentPostprocessing = 0;
		};
/* End PBXFrameworksBuildPhase section */

/* Begin PBXGroup section */
		AB1C0319290ACB1F00A4E450 = {
			isa = PBXGroup;
			children = (
				AB1C0324290ACB1F00A4E450 /* Sunny */,
				AB1C0323290ACB1F00A4E450 /* Products */,
			);
			sourceTree = "<group>";
		};
		AB1C0323290ACB1F00A4E450 /* Products */ = {
			isa = PBXGroup;
			children = (
				AB1C0322290ACB1F00A4E450 /* Sunny.app */,
			);
			name = Products;
			sourceTree = "<group>";
		};
		AB1C0324290ACB1F00A4E450 /* Sunny */ = {
			isa = PBXGroup;
			children = (
				AB1C0339290ACD7B00A4E450 /* Extensions */,
				AB1C033A290ACD9900A4E450 /* Views */,
				AB1C033E290ACE0B00A4E450 /* Models */,
				AB1C033D290ACDCE00A4E450 /* View Controllers */,
				AB1C033F290ACE9700A4E450 /* Supporting files */,
			);
			path = Sunny;
			sourceTree = "<group>";
		};
		AB1C0339290ACD7B00A4E450 /* Extensions */ = {
			isa = PBXGroup;
			children = (
				AB1C0340290AD77F00A4E450 /* VC+AlertController.swift */,
			);
			path = Extensions;
			sourceTree = "<group>";
		};
		AB1C033A290ACD9900A4E450 /* Views */ = {
			isa = PBXGroup;
			children = (
				AB1C032B290ACB1F00A4E450 /* Main.storyboard */,
				AB1C0330290ACB2300A4E450 /* LaunchScreen.storyboard */,
			);
			path = Views;
			sourceTree = "<group>";
		};
		AB1C033D290ACDCE00A4E450 /* View Controllers */ = {
			isa = PBXGroup;
			children = (
				AB1C0329290ACB1F00A4E450 /* ViewController.swift */,
			);
			path = "View Controllers";
			sourceTree = "<group>";
		};
		AB1C033E290ACE0B00A4E450 /* Models */ = {
			isa = PBXGroup;
			children = (
				AB4F7BFF290FD49000E658EC /* NetworkWeatherManager.swift */,
			);
			path = Models;
			sourceTree = "<group>";
		};
		AB1C033F290ACE9700A4E450 /* Supporting files */ = {
			isa = PBXGroup;
			children = (
				AB4F7C0129101E9600E658EC /* Constants.swift */,
				AB1C0325290ACB1F00A4E450 /* AppDelegate.swift */,
				AB1C0327290ACB1F00A4E450 /* SceneDelegate.swift */,
				AB1C032E290ACB2300A4E450 /* Assets.xcassets */,
				AB1C0333290ACB2300A4E450 /* Info.plist */,
			);
			path = "Supporting files";
			sourceTree = "<group>";
		};
/* End PBXGroup section */

/* Begin PBXNativeTarget section */
		AB1C0321290ACB1F00A4E450 /* Sunny */ = {
			isa = PBXNativeTarget;
			buildConfigurationList = AB1C0336290ACB2300A4E450 /* Build configuration list for PBXNativeTarget "Sunny" */;
			buildPhases = (
				AB1C031E290ACB1F00A4E450 /* Sources */,
				AB1C031F290ACB1F00A4E450 /* Frameworks */,
				AB1C0320290ACB1F00A4E450 /* Resources */,
			);
			buildRules = (
			);
			dependencies = (
			);
			name = Sunny;
			productName = Sunny;
			productReference = AB1C0322290ACB1F00A4E450 /* Sunny.app */;
			productType = "com.apple.product-type.application";
		};
/* End PBXNativeTarget section */

/* Begin PBXProject section */
		AB1C031A290ACB1F00A4E450 /* Project object */ = {
			isa = PBXProject;
			attributes = {
				BuildIndependentTargetsInParallel = 1;
				LastSwiftUpdateCheck = 1340;
				LastUpgradeCheck = 1340;
				TargetAttributes = {
					AB1C0321290ACB1F00A4E450 = {
						CreatedOnToolsVersion = 13.4.1;
					};
				};
			};
			buildConfigurationList = AB1C031D290ACB1F00A4E450 /* Build configuration list for PBXProject "Sunny" */;
			compatibilityVersion = "Xcode 13.0";
			developmentRegion = en;
			hasScannedForEncodings = 0;
			knownRegions = (
				en,
				Base,
			);
			mainGroup = AB1C0319290ACB1F00A4E450;
			productRefGroup = AB1C0323290ACB1F00A4E450 /* Products */;
			projectDirPath = "";
			projectRoot = "";
			targets = (
				AB1C0321290ACB1F00A4E450 /* Sunny */,
			);
		};
/* End PBXProject section */

/* Begin PBXResourcesBuildPhase section */
		AB1C0320290ACB1F00A4E450 /* Resources */ = {
			isa = PBXResourcesBuildPhase;
			buildActionMask = 2147483647;
			files = (
				AB1C0332290ACB2300A4E450 /* LaunchScreen.storyboard in Resources */,
				AB1C032F290ACB2300A4E450 /* Assets.xcassets in Resources */,
				AB1C032D290ACB1F00A4E450 /* Main.storyboard in Resources */,
			);
			runOnlyForDeploymentPostprocessing = 0;
		};
/* End PBXResourcesBuildPhase section */

/* Begin PBXSourcesBuildPhase section */
		AB1C031E290ACB1F00A4E450 /* Sources */ = {
			isa = PBXSourcesBuildPhase;
			buildActionMask = 2147483647;
			files = (
				AB1C032A290ACB1F00A4E450 /* ViewController.swift in Sources */,
				AB1C0326290ACB1F00A4E450 /* AppDelegate.swift in Sources */,
				AB4F7C00290FD49000E658EC /* NetworkWeatherManager.swift in Sources */,
				AB1C0328290ACB1F00A4E450 /* SceneDelegate.swift in Sources */,
				AB1C0341290AD77F00A4E450 /* VC+AlertController.swift in Sources */,
				AB4F7C0229101E9600E658EC /* Constants.swift in Sources */,
			);
			runOnlyForDeploymentPostprocessing = 0;
		};
/* End PBXSourcesBuildPhase section */

/* Begin PBXVariantGroup section */
		AB1C032B290ACB1F00A4E450 /* Main.storyboard */ = {
			isa = PBXVariantGroup;
			children = (
				AB1C032C290ACB1F00A4E450 /* Base */,
			);
			name = Main.storyboard;
			sourceTree = "<group>";
		};
		AB1C0330290ACB2300A4E450 /* LaunchScreen.storyboard */ = {
			isa = PBXVariantGroup;
			children = (
				AB1C0331290ACB2300A4E450 /* Base */,
			);
			name = LaunchScreen.storyboard;
			sourceTree = "<group>";
		};
/* End PBXVariantGroup section */

/* Begin XCBuildConfiguration section */
		AB1C0334290ACB2300A4E450 /* Debug */ = {
			isa = XCBuildConfiguration;
			buildSettings = {
				ALWAYS_SEARCH_USER_PATHS = NO;
				CLANG_ANALYZER_NONNULL = YES;
				CLANG_ANALYZER_NUMBER_OBJECT_CONVERSION = YES_AGGRESSIVE;
				CLANG_CXX_LANGUAGE_STANDARD = "gnu++17";
				CLANG_ENABLE_MODULES = YES;
				CLANG_ENABLE_OBJC_ARC = YES;
				CLANG_ENABLE_OBJC_WEAK = YES;
				CLANG_WARN_BLOCK_CAPTURE_AUTORELEASING = YES;
				CLANG_WARN_BOOL_CONVERSION = YES;
				CLANG_WARN_COMMA = YES;
				CLANG_WARN_CONSTANT_CONVERSION = YES;
				CLANG_WARN_DEPRECATED_OBJC_IMPLEMENTATIONS = YES;
				CLANG_WARN_DIRECT_OBJC_ISA_USAGE = YES_ERROR;
				CLANG_WARN_DOCUMENTATION_COMMENTS = YES;
				CLANG_WARN_EMPTY_BODY = YES;
				CLANG_WARN_ENUM_CONVERSION = YES;
				CLANG_WARN_INFINITE_RECURSION = YES;
				CLANG_WARN_INT_CONVERSION = YES;
				CLANG_WARN_NON_LITERAL_NULL_CONVERSION = YES;
				CLANG_WARN_OBJC_IMPLICIT_RETAIN_SELF = YES;
				CLANG_WARN_OBJC_LITERAL_CONVERSION = YES;
				CLANG_WARN_OBJC_ROOT_CLASS = YES_ERROR;
				CLANG_WARN_QUOTED_INCLUDE_IN_FRAMEWORK_HEADER = YES;
				CLANG_WARN_RANGE_LOOP_ANALYSIS = YES;
				CLANG_WARN_STRICT_PROTOTYPES = YES;
				CLANG_WARN_SUSPICIOUS_MOVE = YES;
				CLANG_WARN_UNGUARDED_AVAILABILITY = YES_AGGRESSIVE;
				CLANG_WARN_UNREACHABLE_CODE = YES;
				CLANG_WARN__DUPLICATE_METHOD_MATCH = YES;
				COPY_PHASE_STRIP = NO;
				DEBUG_INFORMATION_FORMAT = dwarf;
				ENABLE_STRICT_OBJC_MSGSEND = YES;
				ENABLE_TESTABILITY = YES;
				GCC_C_LANGUAGE_STANDARD = gnu11;
				GCC_DYNAMIC_NO_PIC = NO;
				GCC_NO_COMMON_BLOCKS = YES;
				GCC_OPTIMIZATION_LEVEL = 0;
				GCC_PREPROCESSOR_DEFINITIONS = (
					"DEBUG=1",
					"$(inherited)",
				);
				GCC_WARN_64_TO_32_BIT_CONVERSION = YES;
				GCC_WARN_ABOUT_RETURN_TYPE = YES_ERROR;
				GCC_WARN_UNDECLARED_SELECTOR = YES;
				GCC_WARN_UNINITIALIZED_AUTOS = YES_AGGRESSIVE;
				GCC_WARN_UNUSED_FUNCTION = YES;
				GCC_WARN_UNUSED_VARIABLE = YES;
				IPHONEOS_DEPLOYMENT_TARGET = 15.5;
				MTL_ENABLE_DEBUG_INFO = INCLUDE_SOURCE;
				MTL_FAST_MATH = YES;
				ONLY_ACTIVE_ARCH = YES;
				SDKROOT = iphoneos;
				SWIFT_ACTIVE_COMPILATION_CONDITIONS = DEBUG;
				SWIFT_OPTIMIZATION_LEVEL = "-Onone";
			};
			name = Debug;
		};
		AB1C0335290ACB2300A4E450 /* Release */ = {
			isa = XCBuildConfiguration;
			buildSettings = {
				ALWAYS_SEARCH_USER_PATHS = NO;
				CLANG_ANALYZER_NONNULL = YES;
				CLANG_ANALYZER_NUMBER_OBJECT_CONVERSION = YES_AGGRESSIVE;
				CLANG_CXX_LANGUAGE_STANDARD = "gnu++17";
				CLANG_ENABLE_MODULES = YES;
				CLANG_ENABLE_OBJC_ARC = YES;
				CLANG_ENABLE_OBJC_WEAK = YES;
				CLANG_WARN_BLOCK_CAPTURE_AUTORELEASING = YES;
				CLANG_WARN_BOOL_CONVERSION = YES;
				CLANG_WARN_COMMA = YES;
				CLANG_WARN_CONSTANT_CONVERSION = YES;
				CLANG_WARN_DEPRECATED_OBJC_IMPLEMENTATIONS = YES;
				CLANG_WARN_DIRECT_OBJC_ISA_USAGE = YES_ERROR;
				CLANG_WARN_DOCUMENTATION_COMMENTS = YES;
				CLANG_WARN_EMPTY_BODY = YES;
				CLANG_WARN_ENUM_CONVERSION = YES;
				CLANG_WARN_INFINITE_RECURSION = YES;
				CLANG_WARN_INT_CONVERSION = YES;
				CLANG_WARN_NON_LITERAL_NULL_CONVERSION = YES;
				CLANG_WARN_OBJC_IMPLICIT_RETAIN_SELF = YES;
				CLANG_WARN_OBJC_LITERAL_CONVERSION = YES;
				CLANG_WARN_OBJC_ROOT_CLASS = YES_ERROR;
				CLANG_WARN_QUOTED_INCLUDE_IN_FRAMEWORK_HEADER = YES;
				CLANG_WARN_RANGE_LOOP_ANALYSIS = YES;
				CLANG_WARN_STRICT_PROTOTYPES = YES;
				CLANG_WARN_SUSPICIOUS_MOVE = YES;
				CLANG_WARN_UNGUARDED_AVAILABILITY = YES_AGGRESSIVE;
				CLANG_WARN_UNREACHABLE_CODE = YES;
				CLANG_WARN__DUPLICATE_METHOD_MATCH = YES;
				COPY_PHASE_STRIP = NO;
				DEBUG_INFORMATION_FORMAT = "dwarf-with-dsym";
				ENABLE_NS_ASSERTIONS = NO;
				ENABLE_STRICT_OBJC_MSGSEND = YES;
				GCC_C_LANGUAGE_STANDARD = gnu11;
				GCC_NO_COMMON_BLOCKS = YES;
				GCC_WARN_64_TO_32_BIT_CONVERSION = YES;
				GCC_WARN_ABOUT_RETURN_TYPE = YES_ERROR;
				GCC_WARN_UNDECLARED_SELECTOR = YES;
				GCC_WARN_UNINITIALIZED_AUTOS = YES_AGGRESSIVE;
				GCC_WARN_UNUSED_FUNCTION = YES;
				GCC_WARN_UNUSED_VARIABLE = YES;
				IPHONEOS_DEPLOYMENT_TARGET = 15.5;
				MTL_ENABLE_DEBUG_INFO = NO;
				MTL_FAST_MATH = YES;
				SDKROOT = iphoneos;
				SWIFT_COMPILATION_MODE = wholemodule;
				SWIFT_OPTIMIZATION_LEVEL = "-O";
				VALIDATE_PRODUCT = YES;
			};
			name = Release;
		};
		AB1C0337290ACB2300A4E450 /* Debug */ = {
			isa = XCBuildConfiguration;
			buildSettings = {
				ASSETCATALOG_COMPILER_APPICON_NAME = AppIcon;
				ASSETCATALOG_COMPILER_GLOBAL_ACCENT_COLOR_NAME = AccentColor;
				CODE_SIGN_STYLE = Automatic;
				CURRENT_PROJECT_VERSION = 1;
				DEVELOPMENT_TEAM = 595NK55QRF;
				GENERATE_INFOPLIST_FILE = YES;
				INFOPLIST_FILE = "Sunny/Supporting files/Info.plist";
				INFOPLIST_KEY_UIApplicationSupportsIndirectInputEvents = YES;
				INFOPLIST_KEY_UILaunchStoryboardName = LaunchScreen;
				INFOPLIST_KEY_UIMainStoryboardFile = Main;
				INFOPLIST_KEY_UISupportedInterfaceOrientations = UIInterfaceOrientationPortrait;
				INFOPLIST_KEY_UISupportedInterfaceOrientations_iPad = "UIInterfaceOrientationPortrait UIInterfaceOrientationPortraitUpsideDown UIInterfaceOrientationLandscapeLeft UIInterfaceOrientationLandscapeRight";
				INFOPLIST_KEY_UISupportedInterfaceOrientations_iPhone = "UIInterfaceOrientationPortrait UIInterfaceOrientationLandscapeLeft UIInterfaceOrientationLandscapeRight";
				LD_RUNPATH_SEARCH_PATHS = (
					"$(inherited)",
					"@executable_path/Frameworks",
				);
				MARKETING_VERSION = 1.0;
				PRODUCT_BUNDLE_IDENTIFIER = com.example.Sunny;
				PRODUCT_NAME = "$(TARGET_NAME)";
				SWIFT_EMIT_LOC_STRINGS = YES;
				SWIFT_VERSION = 5.0;
				TARGETED_DEVICE_FAMILY = 1;
			};
			name = Debug;
		};
		AB1C0338290ACB2300A4E450 /* Release */ = {
			isa = XCBuildConfiguration;
			buildSettings = {
				ASSETCATALOG_COMPILER_APPICON_NAME = AppIcon;
				ASSETCATALOG_COMPILER_GLOBAL_ACCENT_COLOR_NAME = AccentColor;
				CODE_SIGN_STYLE = Automatic;
				CURRENT_PROJECT_VERSION = 1;
				DEVELOPMENT_TEAM = 595NK55QRF;
				GENERATE_INFOPLIST_FILE = YES;
				INFOPLIST_FILE = "Sunny/Supporting files/Info.plist";
				INFOPLIST_KEY_UIApplicationSupportsIndirectInputEvents = YES;
				INFOPLIST_KEY_UILaunchStoryboardName = LaunchScreen;
				INFOPLIST_KEY_UIMainStoryboardFile = Main;
				INFOPLIST_KEY_UISupportedInterfaceOrientations = UIInterfaceOrientationPortrait;
				INFOPLIST_KEY_UISupportedInterfaceOrientations_iPad = "UIInterfaceOrientationPortrait UIInterfaceOrientationPortraitUpsideDown UIInterfaceOrientationLandscapeLeft UIInterfaceOrientationLandscapeRight";
				INFOPLIST_KEY_UISupportedInterfaceOrientations_iPhone = "UIInterfaceOrientationPortrait UIInterfaceOrientationLandscapeLeft UIInterfaceOrientationLandscapeRight";
				LD_RUNPATH_SEARCH_PATHS = (
					"$(inherited)",
					"@executable_path/Frameworks",
				);
				MARKETING_VERSION = 1.0;
				PRODUCT_BUNDLE_IDENTIFIER = com.example.Sunny;
				PRODUCT_NAME = "$(TARGET_NAME)";
				SWIFT_EMIT_LOC_STRINGS = YES;
				SWIFT_VERSION = 5.0;
				TARGETED_DEVICE_FAMILY = 1;
			};
			name = Release;
		};
/* End XCBuildConfiguration section */

/* Begin XCConfigurationList section */
		AB1C031D290ACB1F00A4E450 /* Build configuration list for PBXProject "Sunny" */ = {
			isa = XCConfigurationList;
			buildConfigurations = (
				AB1C0334290ACB2300A4E450 /* Debug */,
				AB1C0335290ACB2300A4E450 /* Release */,
			);
			defaultConfigurationIsVisible = 0;
			defaultConfigurationName = Release;
		};
		AB1C0336290ACB2300A4E450 /* Build configuration list for PBXNativeTarget "Sunny" */ = {
			isa = XCConfigurationList;
			buildConfigurations = (
				AB1C0337290ACB2300A4E450 /* Debug */,
				AB1C0338290ACB2300A4E450 /* Release */,
			);
			defaultConfigurationIsVisible = 0;
			defaultConfigurationName = Release;
		};
/* End XCConfigurationList section */
	};
	rootObject = AB1C031A290ACB1F00A4E450 /* Project object */;
}
